{
  "name": "zcomposition",
  "version": "1.0.0",
  "lockfileVersion": 1,
  "requires": true,
  "dependencies": {
    "@babel/helper-validator-identifier": {
      "version": "7.14.9",
      "resolved": "https://registry.npmjs.org/@babel/helper-validator-identifier/-/helper-validator-identifier-7.14.9.tgz",
      "integrity": "sha512-pQYxPY0UP6IHISRitNe8bsijHex4TWZXi2HwKVsjPiltzlhse2znVcm9Ace510VT1kxIHjGJCZZQBX2gJDbo0g=="
    },
    "@babel/parser": {
      "version": "7.15.6",
      "resolved": "https://registry.npmjs.org/@babel/parser/-/parser-7.15.6.tgz",
      "integrity": "sha512-S/TSCcsRuCkmpUuoWijua0Snt+f3ewU/8spLo+4AXJCZfT0bVCzLD5MuOKdrx0mlAptbKzn5AdgEIIKXxXkz9Q=="
    },
    "@babel/types": {
      "version": "7.15.6",
      "resolved": "https://registry.npmjs.org/@babel/types/-/types-7.15.6.tgz",
      "integrity": "sha512-BPU+7QhqNjmWyDO0/vitH/CuhpV8ZmK1wpKva8nuyNF5MJfuRNWMc+hc14+u9xT93kvykMdncrJT19h74uB1Ig==",
      "requires": {
        "@babel/helper-validator-identifier": "^7.14.9",
        "to-fast-properties": "^2.0.0"
      }
    },
    "@vue/compiler-core": {
      "version": "3.2.11",
      "resolved": "https://registry.npmjs.org/@vue/compiler-core/-/compiler-core-3.2.11.tgz",
      "integrity": "sha512-bcbsLx5XyQg8WDDEGwmpX0BfEfv82wIs9fWFelpyVhNRGMaABvUTalYINyfhVT+jOqNaD4JBhJiVKd/8TmsHWg==",
      "requires": {
        "@babel/parser": "^7.15.0",
        "@babel/types": "^7.15.0",
        "@vue/shared": "3.2.11",
        "estree-walker": "^2.0.2",
        "source-map": "^0.6.1"
      }
    },
    "@vue/compiler-dom": {
      "version": "3.2.11",
      "resolved": "https://registry.npmjs.org/@vue/compiler-dom/-/compiler-dom-3.2.11.tgz",
      "integrity": "sha512-DNvhUHI/1Hn0/+ZYDYGAuDGasUm+XHKC3FE4GqkNCTO/fcLaJMRg/7eT1m1lkc7jPffUwwfh1rZru5mwzOjrNw==",
      "requires": {
        "@vue/compiler-core": "3.2.11",
        "@vue/shared": "3.2.11"
      }
    },
    "@vue/reactivity": {
      "version": "3.2.11",
      "resolved": "https://registry.npmjs.org/@vue/reactivity/-/reactivity-3.2.11.tgz",
      "integrity": "sha512-hEQstxPQbgGZq5qApzrvbDmRdK1KP96O/j4XrwT8fVkT1ytkFs4fH2xNEh9QKwXfybbQkLs77W7OfXCv5o6qbA==",
      "requires": {
        "@vue/shared": "3.2.11"
      }
    },
    "@vue/runtime-core": {
      "version": "3.2.11",
      "resolved": "https://registry.npmjs.org/@vue/runtime-core/-/runtime-core-3.2.11.tgz",
      "integrity": "sha512-horlxjWwSvModC87WdsWswzzHE5IexmKkQA65S5vFgP5hLUBW+HRyScDeuB/RRcFmqnf+ozacNCfap0kqcpODw==",
      "requires": {
        "@vue/reactivity": "3.2.11",
        "@vue/shared": "3.2.11"
      }
    },
    "@vue/runtime-dom": {
      "version": "3.2.11",
      "resolved": "https://registry.npmjs.org/@vue/runtime-dom/-/runtime-dom-3.2.11.tgz",
      "integrity": "sha512-cOK1g0INdiCbds2xrrJKrrN+pDHuLz6esUs/crdEiupDuX7IeiMbdqrAQCkYHp5P1KLWcbGlkmwfVD7HQGii0Q==",
      "requires": {
        "@vue/runtime-core": "3.2.11",
        "@vue/shared": "3.2.11",
        "csstype": "^2.6.8"
      }
    },
    "@vue/shared": {
      "version": "3.2.11",
      "resolved": "https://registry.npmjs.org/@vue/shared/-/shared-3.2.11.tgz",
      "integrity": "sha512-ovfXAsSsCvV9JVceWjkqC/7OF5HbgLOtCWjCIosmPGG8lxbPuavhIxRH1dTx4Dg9xLgRTNLvI3pVxG4ItQZekg=="
    },
    "axios": {
      "version": "0.21.4",
      "resolved": "https://registry.npmjs.org/axios/-/axios-0.21.4.tgz",
      "integrity": "sha512-ut5vewkiu8jjGBdqpM44XxjuCjq9LAKeHVmoVfHVzy8eHgxxq8SbAVQNovDA8mVi05kP0Ea/n/UzcSHcTJQfNg==",
      "requires": {
        "follow-redirects": "^1.14.0"
      }
    },
    "csstype": {
      "version": "2.6.17",
      "resolved": "https://registry.npmjs.org/csstype/-/csstype-2.6.17.tgz",
      "integrity": "sha512-u1wmTI1jJGzCJzWndZo8mk4wnPTZd1eOIYTYvuEyOQGfmDl3TrabCCfKnOC86FZwW/9djqTl933UF/cS425i9A=="
    },
    "estree-walker": {
      "version": "2.0.2",
      "resolved": "https://registry.npmjs.org/estree-walker/-/estree-walker-2.0.2.tgz",
      "integrity": "sha512-Rfkk/Mp/DL7JVje3u18FxFujQlTNR2q6QfMSMB7AvCBx91NGj/ba3kCfza0f6dVDbw7YlRf/nDrn7pQrCCyQ/w=="
    },
    "follow-redirects": {
      "version": "1.14.3",
      "resolved": "https://registry.npmjs.org/follow-redirects/-/follow-redirects-1.14.3.tgz",
      "integrity": "sha512-3MkHxknWMUtb23apkgz/83fDoe+y+qr0TdgacGIA7bew+QLBo3vdgEN2xEsuXNivpFy4CyDhBBZnNZOtalmenw=="
    },
    "source-map": {
      "version": "0.6.1",
      "resolved": "https://registry.npmjs.org/source-map/-/source-map-0.6.1.tgz",
      "integrity": "sha512-UjgapumWlbMhkBgzT7Ykc5YXUT46F0iKu8SGXq0bcwP5dz/h0Plj6enJqjz1Zbq2l5WaqYnrVbwWOWMyF3F47g=="
    },
    "to-fast-properties": {
      "version": "2.0.0",
      "resolved": "https://registry.npmjs.org/to-fast-properties/-/to-fast-properties-2.0.0.tgz",
      "integrity": "sha1-3F5pjL0HkmW8c+A3doGk5Og/YW4="
    },
    "vue": {
      "version": "3.2.11",
      "resolved": "https://registry.npmjs.org/vue/-/vue-3.2.11.tgz",
      "integrity": "sha512-JkI3/eIgfk4E0f/p319TD3EZgOwBQfftgnkRsXlT7OrRyyiyoyUXn6embPGZXSBxD3LoZ9SWhJoxLhFh5AleeA==",
      "requires": {
        "@vue/compiler-dom": "3.2.11",
        "@vue/runtime-dom": "3.2.11",
        "@vue/shared": "3.2.11"
      }
    }
  }
}
